// !$*UTF8*$!
{
	archiveVersion = 1;
	classes = {
	};
	objectVersion = 50;
	objects = {

/* Begin PBXBuildFile section */
		19EF8EFB26FAD84900137A68 /* SwiftUI_SeanAllenListApp.swift in Sources */ = {isa = PBXBuildFile; fileRef = 19EF8EFA26FAD84900137A68 /* SwiftUI_SeanAllenListApp.swift */; };
		19EF8EFD26FAD84900137A68 /* SeanAllenListView.swift in Sources */ = {isa = PBXBuildFile; fileRef = 19EF8EFC26FAD84900137A68 /* SeanAllenListView.swift */; };
		19EF8F0226FAD84A00137A68 /* Preview Assets.xcassets in Resources */ = {isa = PBXBuildFile; fileRef = 19EF8F0126FAD84A00137A68 /* Preview Assets.xcassets */; };
		19EF8F0D26FAD8EB00137A68 /* Video.swift in Sources */ = {isa = PBXBuildFile; fileRef = 19EF8F0C26FAD8EB00137A68 /* Video.swift */; };
		19EF8F1126FADA4100137A68 /* Assets.xcassets in Resources */ = {isa = PBXBuildFile; fileRef = 19EF8F1026FADA4100137A68 /* Assets.xcassets */; };
		19EF8F1826FAE1A800137A68 /* VideoDetailsView.swift in Sources */ = {isa = PBXBuildFile; fileRef = 19EF8F1726FAE1A800137A68 /* VideoDetailsView.swift */; };
/* End PBXBuildFile section */

/* Begin PBXFileReference section */
		19EF8EF726FAD84900137A68 /* SwiftUI-SeanAllenList.app */ = {isa = PBXFileReference; explicitFileType = wrapper.application; includeInIndex = 0; path = "SwiftUI-SeanAllenList.app"; sourceTree = BUILT_PRODUCTS_DIR; };
		19EF8EFA26FAD84900137A68 /* SwiftUI_SeanAllenListApp.swift */ = {isa = PBXFileReference; lastKnownFileType = sourcecode.swift; path = SwiftUI_SeanAllenListApp.swift; sourceTree = "<group>"; };
		19EF8EFC26FAD84900137A68 /* SeanAllenListView.swift */ = {isa = PBXFileReference; lastKnownFileType = sourcecode.swift; path = SeanAllenListView.swift; sourceTree = "<group>"; };
		19EF8F0126FAD84A00137A68 /* Preview Assets.xcassets */ = {isa = PBXFileReference; lastKnownFileType = folder.assetcatalog; path = "Preview Assets.xcassets"; sourceTree = "<group>"; };
		19EF8F0326FAD84A00137A68 /* Info.plist */ = {isa = PBXFileReference; lastKnownFileType = text.plist.xml; path = Info.plist; sourceTree = "<group>"; };
		19EF8F0C26FAD8EB00137A68 /* Video.swift */ = {isa = PBXFileReference; lastKnownFileType = sourcecode.swift; path = Video.swift; sourceTree = "<group>"; };
		19EF8F1026FADA4100137A68 /* Assets.xcassets */ = {isa = PBXFileReference; lastKnownFileType = folder.assetcatalog; path = Assets.xcassets; sourceTree = "<group>"; };
		19EF8F1726FAE1A800137A68 /* VideoDetailsView.swift */ = {isa = PBXFileReference; lastKnownFileType = sourcecode.swift; path = VideoDetailsView.swift; sourceTree = "<group>"; };
/* End PBXFileReference section */

/* Begin PBXFrameworksBuildPhase section */
		19EF8EF426FAD84900137A68 /* Frameworks */ = {
			isa = PBXFrameworksBuildPhase;
			buildActionMask = 2147483647;
			files = (
			);
			runOnlyForDeploymentPostprocessing = 0;
		};
/* End PBXFrameworksBuildPhase section */

/* Begin PBXGroup section */
		19EF8EEE26FAD84900137A68 = {
			isa = PBXGroup;
			children = (
				19EF8EF926FAD84900137A68 /* SwiftUI-SeanAllenList */,
				19EF8EF826FAD84900137A68 /* Products */,
			);
			sourceTree = "<group>";
		};
		19EF8EF826FAD84900137A68 /* Products */ = {
			isa = PBXGroup;
			children = (
				19EF8EF726FAD84900137A68 /* SwiftUI-SeanAllenList.app */,
			);
			name = Products;
			sourceTree = "<group>";
		};
		19EF8EF926FAD84900137A68 /* SwiftUI-SeanAllenList */ = {
			isa = PBXGroup;
			children = (
				19EF8F0B26FAD8DC00137A68 /* Model */,
				19EF8EFA26FAD84900137A68 /* SwiftUI_SeanAllenListApp.swift */,
				19EF8EFC26FAD84900137A68 /* SeanAllenListView.swift */,
				19EF8F1026FADA4100137A68 /* Assets.xcassets */,
				19EF8F0326FAD84A00137A68 /* Info.plist */,
				19EF8F0026FAD84A00137A68 /* Preview Content */,
				19EF8F1726FAE1A800137A68 /* VideoDetailsView.swift */,
			);
			path = "SwiftUI-SeanAllenList";
			sourceTree = "<group>";
		};
		19EF8F0026FAD84A00137A68 /* Preview Content */ = {
			isa = PBXGroup;
			children = (
				19EF8F0126FAD84A00137A68 /* Preview Assets.xcassets */,
			);
			path = "Preview Content";
			sourceTree = "<group>";
		};
		19EF8F0B26FAD8DC00137A68 /* Model */ = {
			isa = PBXGroup;
			children = (
				19EF8F0C26FAD8EB00137A68 /* Video.swift */,
			);
			path = Model;
			sourceTree = "<group>";
		};
/* End PBXGroup section */

/* Begin PBXNativeTarget section */
		19EF8EF626FAD84900137A68 /* SwiftUI-SeanAllenList */ = {
			isa = PBXNativeTarget;
			buildConfigurationList = 19EF8F0626FAD84A00137A68 /* Build configuration list for PBXNativeTarget "SwiftUI-SeanAllenList" */;
			buildPhases = (
				19EF8EF326FAD84900137A68 /* Sources */,
				19EF8EF426FAD84900137A68 /* Frameworks */,
				19EF8EF526FAD84900137A68 /* Resources */,
			);
			buildRules = (
			);
			dependencies = (
			);
			name = "SwiftUI-SeanAllenList";
			productName = "SwiftUI-SeanAllenList";
			productReference = 19EF8EF726FAD84900137A68 /* SwiftUI-SeanAllenList.app */;
			productType = "com.apple.product-type.application";
		};
/* End PBXNativeTarget section */

/* Begin PBXProject section */
		19EF8EEF26FAD84900137A68 /* Project object */ = {
			isa = PBXProject;
			attributes = {
				LastSwiftUpdateCheck = 1240;
				LastUpgradeCheck = 1240;
				TargetAttributes = {
					19EF8EF626FAD84900137A68 = {
						CreatedOnToolsVersion = 12.4;
					};
				};
			};
			buildConfigurationList = 19EF8EF226FAD84900137A68 /* Build configuration list for PBXProject "SwiftUI-SeanAllenList" */;
			compatibilityVersion = "Xcode 9.3";
			developmentRegion = en;
			hasScannedForEncodings = 0;
			knownRegions = (
				en,
				Base,
			);
			mainGroup = 19EF8EEE26FAD84900137A68;
			productRefGroup = 19EF8EF826FAD84900137A68 /* Products */;
			projectDirPath = "";
			projectRoot = "";
			targets = (
				19EF8EF626FAD84900137A68 /* SwiftUI-SeanAllenList */,
			);
		};
/* End PBXProject section */

/* Begin PBXResourcesBuildPhase section */
		19EF8EF526FAD84900137A68 /* Resources */ = {
			isa = PBXResourcesBuildPhase;
			buildActionMask = 2147483647;
			files = (
				19EF8F1126FADA4100137A68 /* Assets.xcassets in Resources */,
				19EF8F0226FAD84A00137A68 /* Preview Assets.xcassets in Resources */,
			);
			runOnlyForDeploymentPostprocessing = 0;
		};
/* End PBXResourcesBuildPhase section */

/* Begin PBXSourcesBuildPhase section */
		19EF8EF326FAD84900137A68 /* Sources */ = {
			isa = PBXSourcesBuildPhase;
			buildActionMask = 2147483647;
			files = (
				19EF8EFD26FAD84900137A68 /* SeanAllenListView.swift in Sources */,
				19EF8F1826FAE1A800137A68 /* VideoDetailsView.swift in Sources */,
				19EF8F0D26FAD8EB00137A68 /* Video.swift in Sources */,
				19EF8EFB26FAD84900137A68 /* SwiftUI_SeanAllenListApp.swift in Sources */,
			);
			runOnlyForDeploymentPostprocessing = 0;
		};
/* End PBXSourcesBuildPhase section */

/* Begin XCBuildConfiguration section */
		19EF8F0426FAD84A00137A68 /* Debug */ = {
			isa = XCBuildConfiguration;
			buildSettings = {
				ALWAYS_SEARCH_USER_PATHS = NO;
				CLANG_ANALYZER_NONNULL = YES;
				CLANG_ANALYZER_NUMBER_OBJECT_CONVERSION = YES_AGGRESSIVE;
				CLANG_CXX_LANGUAGE_STANDARD = "gnu++14";
				CLANG_CXX_LIBRARY = "libc++";
				CLANG_ENABLE_MODULES = YES;
				CLANG_ENABLE_OBJC_ARC = YES;
				CLANG_ENABLE_OBJC_WEAK = YES;
				CLANG_WARN_BLOCK_CAPTURE_AUTORELEASING = YES;
				CLANG_WARN_BOOL_CONVERSION = YES;
				CLANG_WARN_COMMA = YES;
				CLANG_WARN_CONSTANT_CONVERSION = YES;
				CLANG_WARN_DEPRECATED_OBJC_IMPLEMENTATIONS = YES;
				CLANG_WARN_DIRECT_OBJC_ISA_USAGE = YES_ERROR;
				CLANG_WARN_DOCUMENTATION_COMMENTS = YES;
				CLANG_WARN_EMPTY_BODY = YES;
				CLANG_WARN_ENUM_CONVERSION = YES;
				CLANG_WARN_INFINITE_RECURSION = YES;
				CLANG_WARN_INT_CONVERSION = YES;
				CLANG_WARN_NON_LITERAL_NULL_CONVERSION = YES;
				CLANG_WARN_OBJC_IMPLICIT_RETAIN_SELF = YES;
				CLANG_WARN_OBJC_LITERAL_CONVERSION = YES;
				CLANG_WARN_OBJC_ROOT_CLASS = YES_ERROR;
				CLANG_WARN_QUOTED_INCLUDE_IN_FRAMEWORK_HEADER = YES;
				CLANG_WARN_RANGE_LOOP_ANALYSIS = YES;
				CLANG_WARN_STRICT_PROTOTYPES = YES;
				CLANG_WARN_SUSPICIOUS_MOVE = YES;
				CLANG_WARN_UNGUARDED_AVAILABILITY = YES_AGGRESSIVE;
				CLANG_WARN_UNREACHABLE_CODE = YES;
				CLANG_WARN__DUPLICATE_METHOD_MATCH = YES;
				COPY_PHASE_STRIP = NO;
				DEBUG_INFORMATION_FORMAT = dwarf;
				ENABLE_STRICT_OBJC_MSGSEND = YES;
				ENABLE_TESTABILITY = YES;
				GCC_C_LANGUAGE_STANDARD = gnu11;
				GCC_DYNAMIC_NO_PIC = NO;
				GCC_NO_COMMON_BLOCKS = YES;
				GCC_OPTIMIZATION_LEVEL = 0;
				GCC_PREPROCESSOR_DEFINITIONS = (
					"DEBUG=1",
					"$(inherited)",
				);
				GCC_WARN_64_TO_32_BIT_CONVERSION = YES;
				GCC_WARN_ABOUT_RETURN_TYPE = YES_ERROR;
				GCC_WARN_UNDECLARED_SELECTOR = YES;
				GCC_WARN_UNINITIALIZED_AUTOS = YES_AGGRESSIVE;
				GCC_WARN_UNUSED_FUNCTION = YES;
				GCC_WARN_UNUSED_VARIABLE = YES;
				IPHONEOS_DEPLOYMENT_TARGET = 14.4;
				MTL_ENABLE_DEBUG_INFO = INCLUDE_SOURCE;
				MTL_FAST_MATH = YES;
				ONLY_ACTIVE_ARCH = YES;
				SDKROOT = iphoneos;
				SWIFT_ACTIVE_COMPILATION_CONDITIONS = DEBUG;
				SWIFT_OPTIMIZATION_LEVEL = "-Onone";
			};
			name = Debug;
		};
		19EF8F0526FAD84A00137A68 /* Release */ = {
			isa = XCBuildConfiguration;
			buildSettings = {
				ALWAYS_SEARCH_USER_PATHS = NO;
				CLANG_ANALYZER_NONNULL = YES;
				CLANG_ANALYZER_NUMBER_OBJECT_CONVERSION = YES_AGGRESSIVE;
				CLANG_CXX_LANGUAGE_STANDARD = "gnu++14";
				CLANG_CXX_LIBRARY = "libc++";
				CLANG_ENABLE_MODULES = YES;
				CLANG_ENABLE_OBJC_ARC = YES;
				CLANG_ENABLE_OBJC_WEAK = YES;
				CLANG_WARN_BLOCK_CAPTURE_AUTORELEASING = YES;
				CLANG_WARN_BOOL_CONVERSION = YES;
				CLANG_WARN_COMMA = YES;
				CLANG_WARN_CONSTANT_CONVERSION = YES;
				CLANG_WARN_DEPRECATED_OBJC_IMPLEMENTATIONS = YES;
				CLANG_WARN_DIRECT_OBJC_ISA_USAGE = YES_ERROR;
				CLANG_WARN_DOCUMENTATION_COMMENTS = YES;
				CLANG_WARN_EMPTY_BODY = YES;
				CLANG_WARN_ENUM_CONVERSION = YES;
				CLANG_WARN_INFINITE_RECURSION = YES;
				CLANG_WARN_INT_CONVERSION = YES;
				CLANG_WARN_NON_LITERAL_NULL_CONVERSION = YES;
				CLANG_WARN_OBJC_IMPLICIT_RETAIN_SELF = YES;
				CLANG_WARN_OBJC_LITERAL_CONVERSION = YES;
				CLANG_WARN_OBJC_ROOT_CLASS = YES_ERROR;
				CLANG_WARN_QUOTED_INCLUDE_IN_FRAMEWORK_HEADER = YES;
				CLANG_WARN_RANGE_LOOP_ANALYSIS = YES;
				CLANG_WARN_STRICT_PROTOTYPES = YES;
				CLANG_WARN_SUSPICIOUS_MOVE = YES;
				CLANG_WARN_UNGUARDED_AVAILABILITY = YES_AGGRESSIVE;
				CLANG_WARN_UNREACHABLE_CODE = YES;
				CLANG_WARN__DUPLICATE_METHOD_MATCH = YES;
				COPY_PHASE_STRIP = NO;
				DEBUG_INFORMATION_FORMAT = "dwarf-with-dsym";
				ENABLE_NS_ASSERTIONS = NO;
				ENABLE_STRICT_OBJC_MSGSEND = YES;
				GCC_C_LANGUAGE_STANDARD = gnu11;
				GCC_NO_COMMON_BLOCKS = YES;
				GCC_WARN_64_TO_32_BIT_CONVERSION = YES;
				GCC_WARN_ABOUT_RETURN_TYPE = YES_ERROR;
				GCC_WARN_UNDECLARED_SELECTOR = YES;
				GCC_WARN_UNINITIALIZED_AUTOS = YES_AGGRESSIVE;
				GCC_WARN_UNUSED_FUNCTION = YES;
				GCC_WARN_UNUSED_VARIABLE = YES;
				IPHONEOS_DEPLOYMENT_TARGET = 14.4;
				MTL_ENABLE_DEBUG_INFO = NO;
				MTL_FAST_MATH = YES;
				SDKROOT = iphoneos;
				SWIFT_COMPILATION_MODE = wholemodule;
				SWIFT_OPTIMIZATION_LEVEL = "-O";
				VALIDATE_PRODUCT = YES;
			};
			name = Release;
		};
		19EF8F0726FAD84A00137A68 /* Debug */ = {
			isa = XCBuildConfiguration;
			buildSettings = {
				ASSETCATALOG_COMPILER_APPICON_NAME = AppIcon;
				ASSETCATALOG_COMPILER_GLOBAL_ACCENT_COLOR_NAME = AccentColor;
				CODE_SIGN_STYLE = Automatic;
				DEVELOPMENT_ASSET_PATHS = "\"SwiftUI-SeanAllenList/Preview Content\"";
				ENABLE_PREVIEWS = YES;
				INFOPLIST_FILE = "SwiftUI-SeanAllenList/Info.plist";
				IPHONEOS_DEPLOYMENT_TARGET = 14.0;
				LD_RUNPATH_SEARCH_PATHS = (
					"$(inherited)",
					"@executable_path/Frameworks",
				);
				PRODUCT_BUNDLE_IDENTIFIER = "com.MostafaAyman.SwiftUI-SeanAllenList";
				PRODUCT_NAME = "$(TARGET_NAME)";
				SWIFT_VERSION = 5.0;
				TARGETED_DEVICE_FAMILY = "1,2";
			};
			name = Debug;
		};
		19EF8F0826FAD84A00137A68 /* Release */ = {
			isa = XCBuildConfiguration;
			buildSettings = {
				ASSETCATALOG_COMPILER_APPICON_NAME = AppIcon;
				ASSETCATALOG_COMPILER_GLOBAL_ACCENT_COLOR_NAME = AccentColor;
				CODE_SIGN_STYLE = Automatic;
				DEVELOPMENT_ASSET_PATHS = "\"SwiftUI-SeanAllenList/Preview Content\"";
				ENABLE_PREVIEWS = YES;
				INFOPLIST_FILE = "SwiftUI-SeanAllenList/Info.plist";
				IPHONEOS_DEPLOYMENT_TARGET = 14.0;
				LD_RUNPATH_SEARCH_PATHS = (
					"$(inherited)",
					"@executable_path/Frameworks",
				);
				PRODUCT_BUNDLE_IDENTIFIER = "com.MostafaAyman.SwiftUI-SeanAllenList";
				PRODUCT_NAME = "$(TARGET_NAME)";
				SWIFT_VERSION = 5.0;
				TARGETED_DEVICE_FAMILY = "1,2";
			};
			name = Release;
		};
/* End XCBuildConfiguration section */

/* Begin XCConfigurationList section */
		19EF8EF226FAD84900137A68 /* Build configuration list for PBXProject "SwiftUI-SeanAllenList" */ = {
			isa = XCConfigurationList;
			buildConfigurations = (
				19EF8F0426FAD84A00137A68 /* Debug */,
				19EF8F0526FAD84A00137A68 /* Release */,
			);
			defaultConfigurationIsVisible = 0;
			defaultConfigurationName = Release;
		};
		19EF8F0626FAD84A00137A68 /* Build configuration list for PBXNativeTarget "SwiftUI-SeanAllenList" */ = {
			isa = XCConfigurationList;
			buildConfigurations = (
				19EF8F0726FAD84A00137A68 /* Debug */,
				19EF8F0826FAD84A00137A68 /* Release */,
			);
			defaultConfigurationIsVisible = 0;
			defaultConfigurationName = Release;
		};
/* End XCConfigurationList section */
	};
	rootObject = 19EF8EEF26FAD84900137A68 /* Project object */;
}
